
Microsoft Visual Studio Solution File, Format Version 12.00
# Visual Studio Version 17
VisualStudioVersion = 17.5.33516.290
MinimumVisualStudioVersion = 10.0.40219.1
Project("{FAE04EC0-301F-11D3-BF4B-00C04F79EFBC}") = "219934_MD_Fahim_Shahriar_FitnessTracker", "219934_MD_Fahim_Shahriar_FitnessTracker.csproj", "{0D5CC6F3-2E7B-42A1-B25E-652D0D6974F1}"
EndProject
Global
	GlobalSection(SolutionConfigurationPlatforms) = preSolution
		Debug|Any CPU = Debug|Any CPU
		Release|Any CPU = Release|Any CPU
	EndGlobalSection
	GlobalSection(ProjectConfigurationPlatforms) = postSolution
		{0D5CC6F3-2E7B-42A1-B25E-652D0D6974F1}.Debug|Any CPU.ActiveCfg = Debug|Any CPU
		{0D5CC6F3-2E7B-42A1-B25E-652D0D6974F1}.Debug|Any CPU.Build.0 = Debug|Any CPU
		{0D5CC6F3-2E7B-42A1-B25E-652D0D6974F1}.Release|Any CPU.ActiveCfg = Release|Any CPU
		{0D5CC6F3-2E7B-42A1-B25E-652D0D6974F1}.Release|Any CPU.Build.0 = Release|Any CPU
	EndGlobalSection
	GlobalSection(SolutionProperties) = preSolution
		HideSolutionNode = FALSE
	EndGlobalSection
	GlobalSection(ExtensibilityGlobals) = postSolution
		SolutionGuid = {A2E1C544-9652-42BF-8552-65697FC40D7D}
	EndGlobalSection
EndGlobal
